// !$*UTF8*$!
{
	archiveVersion = 1;
	classes = {
	};
	objectVersion = 51;
	objects = {

/* Begin PBXBuildFile section */
		48FBD7BDBA712243F89CCC0E /* Pods_Narrative.framework in Frameworks */ = {isa = PBXBuildFile; fileRef = 9AEC7B5817A36D9052C0B01E /* Pods_Narrative.framework */; };
		D178A8F3221F030A002193FC /* FrontCover.swift in Sources */ = {isa = PBXBuildFile; fileRef = D178A8F2221F030A002193FC /* FrontCover.swift */; };
		D178A902221F39D4002193FC /* Fullscreen.json in Resources */ = {isa = PBXBuildFile; fileRef = D178A901221F39D4002193FC /* Fullscreen.json */; };
		D178A904221F3ABC002193FC /* Power.json in Resources */ = {isa = PBXBuildFile; fileRef = D178A903221F3ABC002193FC /* Power.json */; };
		D18F4789221DC53600A58BA5 /* MainMenu.swift in Sources */ = {isa = PBXBuildFile; fileRef = D18F4788221DC53600A58BA5 /* MainMenu.swift */; };
		D1BA58A7221B746800483F2F /* AppDelegate.swift in Sources */ = {isa = PBXBuildFile; fileRef = D1BA58A6221B746800483F2F /* AppDelegate.swift */; };
		D1BA58AC221B746800483F2F /* Main.storyboard in Resources */ = {isa = PBXBuildFile; fileRef = D1BA58AA221B746800483F2F /* Main.storyboard */; };
		D1BA58AE221B74B100483F2F /* Assets.xcassets in Resources */ = {isa = PBXBuildFile; fileRef = D1BA58AD221B74B100483F2F /* Assets.xcassets */; };
		D1BA58B1221B74B100483F2F /* LaunchScreen.storyboard in Resources */ = {isa = PBXBuildFile; fileRef = D1BA58AF221B74B100483F2F /* LaunchScreen.storyboard */; };
		D1C9AB58221DEFEF001EC435 /* ExpertPalette.json in Resources */ = {isa = PBXBuildFile; fileRef = D1C9AB52221DEFED001EC435 /* ExpertPalette.json */; };
		D1C9AB59221DEFEF001EC435 /* HamburgerMenu.json in Resources */ = {isa = PBXBuildFile; fileRef = D1C9AB53221DEFED001EC435 /* HamburgerMenu.json */; };
		D1C9AB5A221DEFEF001EC435 /* Palette.json in Resources */ = {isa = PBXBuildFile; fileRef = D1C9AB54221DEFEE001EC435 /* Palette.json */; };
		D1C9AB5B221DEFEF001EC435 /* Import.json in Resources */ = {isa = PBXBuildFile; fileRef = D1C9AB55221DEFEE001EC435 /* Import.json */; };
		D1C9AB60221E05BF001EC435 /* Book.swift in Sources */ = {isa = PBXBuildFile; fileRef = D1C9AB5F221E05BF001EC435 /* Book.swift */; };
/* End PBXBuildFile section */

/* Begin PBXFileReference section */
		1AF7EEB127FD7668B1E6A8F8 /* Pods-Narrative.debug.xcconfig */ = {isa = PBXFileReference; includeInIndex = 1; lastKnownFileType = text.xcconfig; name = "Pods-Narrative.debug.xcconfig"; path = "Target Support Files/Pods-Narrative/Pods-Narrative.debug.xcconfig"; sourceTree = "<group>"; };
		37E8EC97C4D3BB5C2CC5F1D3 /* Pods-Narrative.release.xcconfig */ = {isa = PBXFileReference; includeInIndex = 1; lastKnownFileType = text.xcconfig; name = "Pods-Narrative.release.xcconfig"; path = "Target Support Files/Pods-Narrative/Pods-Narrative.release.xcconfig"; sourceTree = "<group>"; };
		9AEC7B5817A36D9052C0B01E /* Pods_Narrative.framework */ = {isa = PBXFileReference; explicitFileType = wrapper.framework; includeInIndex = 0; path = Pods_Narrative.framework; sourceTree = BUILT_PRODUCTS_DIR; };
		D178A8F2221F030A002193FC /* FrontCover.swift */ = {isa = PBXFileReference; lastKnownFileType = sourcecode.swift; path = FrontCover.swift; sourceTree = "<group>"; };
		D178A901221F39D4002193FC /* Fullscreen.json */ = {isa = PBXFileReference; fileEncoding = 4; lastKnownFileType = text.json; path = Fullscreen.json; sourceTree = "<group>"; };
		D178A903221F3ABC002193FC /* Power.json */ = {isa = PBXFileReference; fileEncoding = 4; lastKnownFileType = text.json; path = Power.json; sourceTree = "<group>"; };
		D18F4788221DC53600A58BA5 /* MainMenu.swift */ = {isa = PBXFileReference; lastKnownFileType = sourcecode.swift; path = MainMenu.swift; sourceTree = "<group>"; };
		D1BA58A3221B746800483F2F /* Narrative.app */ = {isa = PBXFileReference; explicitFileType = wrapper.application; includeInIndex = 0; path = Narrative.app; sourceTree = BUILT_PRODUCTS_DIR; };
		D1BA58A6221B746800483F2F /* AppDelegate.swift */ = {isa = PBXFileReference; lastKnownFileType = sourcecode.swift; path = AppDelegate.swift; sourceTree = "<group>"; };
		D1BA58AB221B746800483F2F /* Base */ = {isa = PBXFileReference; lastKnownFileType = file.storyboard; name = Base; path = Base.lproj/Main.storyboard; sourceTree = "<group>"; };
		D1BA58AD221B74B100483F2F /* Assets.xcassets */ = {isa = PBXFileReference; lastKnownFileType = folder.assetcatalog; path = Assets.xcassets; sourceTree = "<group>"; };
		D1BA58B0221B74B100483F2F /* Base */ = {isa = PBXFileReference; lastKnownFileType = file.storyboard; name = Base; path = Base.lproj/LaunchScreen.storyboard; sourceTree = "<group>"; };
		D1BA58B2221B74B100483F2F /* Info.plist */ = {isa = PBXFileReference; lastKnownFileType = text.plist.xml; path = Info.plist; sourceTree = "<group>"; };
		D1C9AB52221DEFED001EC435 /* ExpertPalette.json */ = {isa = PBXFileReference; fileEncoding = 4; lastKnownFileType = text.json; path = ExpertPalette.json; sourceTree = "<group>"; };
		D1C9AB53221DEFED001EC435 /* HamburgerMenu.json */ = {isa = PBXFileReference; fileEncoding = 4; lastKnownFileType = text.json; path = HamburgerMenu.json; sourceTree = "<group>"; };
		D1C9AB54221DEFEE001EC435 /* Palette.json */ = {isa = PBXFileReference; fileEncoding = 4; lastKnownFileType = text.json; path = Palette.json; sourceTree = "<group>"; };
		D1C9AB55221DEFEE001EC435 /* Import.json */ = {isa = PBXFileReference; fileEncoding = 4; lastKnownFileType = text.json; path = Import.json; sourceTree = "<group>"; };
		D1C9AB5F221E05BF001EC435 /* Book.swift */ = {isa = PBXFileReference; lastKnownFileType = sourcecode.swift; path = Book.swift; sourceTree = "<group>"; };
/* End PBXFileReference section */

/* Begin PBXFrameworksBuildPhase section */
		085B7368EF121C3CC35685AC /* Frameworks */ = {
			isa = PBXFrameworksBuildPhase;
			buildActionMask = 2147483647;
			files = (
				48FBD7BDBA712243F89CCC0E /* Pods_Narrative.framework in Frameworks */,
			);
			runOnlyForDeploymentPostprocessing = 0;
		};
/* End PBXFrameworksBuildPhase section */

/* Begin PBXGroup section */
		175977E4C027E0745EC03C2D /* Frameworks */ = {
			isa = PBXGroup;
			children = (
				9AEC7B5817A36D9052C0B01E /* Pods_Narrative.framework */,
			);
			name = Frameworks;
			sourceTree = "<group>";
		};
		D1BA589A221B746700483F2F = {
			isa = PBXGroup;
			children = (
				D1BA58A5221B746800483F2F /* Narrative */,
				D1BA58A4221B746800483F2F /* Products */,
				FDEB2D0F29E7B21BD25F024E /* Pods */,
				175977E4C027E0745EC03C2D /* Frameworks */,
			);
			sourceTree = "<group>";
		};
		D1BA58A4221B746800483F2F /* Products */ = {
			isa = PBXGroup;
			children = (
				D1BA58A3221B746800483F2F /* Narrative.app */,
			);
			name = Products;
			sourceTree = "<group>";
		};
		D1BA58A5221B746800483F2F /* Narrative */ = {
			isa = PBXGroup;
			children = (
				D1BA58B2221B74B100483F2F /* Info.plist */,
				D1BA58A6221B746800483F2F /* AppDelegate.swift */,
				D1BA58AA221B746800483F2F /* Main.storyboard */,
				D1BA58AF221B74B100483F2F /* LaunchScreen.storyboard */,
				D1BA58AD221B74B100483F2F /* Assets.xcassets */,
				D1C9AB50221DEFC3001EC435 /* Animations */,
				D1BA58B8221B758F00483F2F /* Controllers */,
				D1BA58B9221B759900483F2F /* Models */,
			);
			path = Narrative;
			sourceTree = "<group>";
		};
		D1BA58B8221B758F00483F2F /* Controllers */ = {
			isa = PBXGroup;
			children = (
				D18F4788221DC53600A58BA5 /* MainMenu.swift */,
				D1C9AB5F221E05BF001EC435 /* Book.swift */,
				D178A8F2221F030A002193FC /* FrontCover.swift */,
			);
			path = Controllers;
			sourceTree = "<group>";
		};
		D1BA58B9221B759900483F2F /* Models */ = {
			isa = PBXGroup;
			children = (
			);
			path = Models;
			sourceTree = "<group>";
		};
		D1C9AB50221DEFC3001EC435 /* Animations */ = {
			isa = PBXGroup;
			children = (
				D1C9AB52221DEFED001EC435 /* ExpertPalette.json */,
				D178A901221F39D4002193FC /* Fullscreen.json */,
				D1C9AB53221DEFED001EC435 /* HamburgerMenu.json */,
				D1C9AB55221DEFEE001EC435 /* Import.json */,
				D1C9AB54221DEFEE001EC435 /* Palette.json */,
				D178A903221F3ABC002193FC /* Power.json */,
			);
			path = Animations;
			sourceTree = "<group>";
		};
		FDEB2D0F29E7B21BD25F024E /* Pods */ = {
			isa = PBXGroup;
			children = (
				1AF7EEB127FD7668B1E6A8F8 /* Pods-Narrative.debug.xcconfig */,
				37E8EC97C4D3BB5C2CC5F1D3 /* Pods-Narrative.release.xcconfig */,
			);
			path = Pods;
			sourceTree = "<group>";
		};
/* End PBXGroup section */

/* Begin PBXNativeTarget section */
		D1BA58A2221B746800483F2F /* Narrative */ = {
			isa = PBXNativeTarget;
			buildConfigurationList = D1BA58B5221B74B100483F2F /* Build configuration list for PBXNativeTarget "Narrative" */;
			buildPhases = (
				ADF167FF26D20F8BD8DF4520 /* [CP] Check Pods Manifest.lock */,
				D1BA589F221B746800483F2F /* Sources */,
				D1BA58A1221B746800483F2F /* Resources */,
				53EA8C26585307D846FCCFD2 /* [CP] Embed Pods Frameworks */,
				085B7368EF121C3CC35685AC /* Frameworks */,
			);
			buildRules = (
			);
			dependencies = (
			);
			name = Narrative;
			productName = Narrative;
			productReference = D1BA58A3221B746800483F2F /* Narrative.app */;
			productType = "com.apple.product-type.application";
		};
/* End PBXNativeTarget section */

/* Begin PBXProject section */
		D1BA589B221B746700483F2F /* Project object */ = {
			isa = PBXProject;
			attributes = {
				LastSwiftUpdateCheck = 1010;
				LastUpgradeCheck = 1010;
				ORGANIZATIONNAME = "James Castrejon";
				TargetAttributes = {
					D1BA58A2221B746800483F2F = {
						CreatedOnToolsVersion = 10.1;
					};
				};
			};
			buildConfigurationList = D1BA589E221B746700483F2F /* Build configuration list for PBXProject "Narrative" */;
			compatibilityVersion = "Xcode 10.0";
			developmentRegion = en;
			hasScannedForEncodings = 0;
			knownRegions = (
				en,
				Base,
			);
			mainGroup = D1BA589A221B746700483F2F;
			productRefGroup = D1BA58A4221B746800483F2F /* Products */;
			projectDirPath = "";
			projectRoot = "";
			targets = (
				D1BA58A2221B746800483F2F /* Narrative */,
			);
		};
/* End PBXProject section */

/* Begin PBXResourcesBuildPhase section */
		D1BA58A1221B746800483F2F /* Resources */ = {
			isa = PBXResourcesBuildPhase;
			buildActionMask = 2147483647;
			files = (
				D1C9AB5A221DEFEF001EC435 /* Palette.json in Resources */,
				D1C9AB59221DEFEF001EC435 /* HamburgerMenu.json in Resources */,
				D1BA58B1221B74B100483F2F /* LaunchScreen.storyboard in Resources */,
				D1BA58AE221B74B100483F2F /* Assets.xcassets in Resources */,
				D1C9AB58221DEFEF001EC435 /* ExpertPalette.json in Resources */,
				D1C9AB5B221DEFEF001EC435 /* Import.json in Resources */,
				D178A902221F39D4002193FC /* Fullscreen.json in Resources */,
				D1BA58AC221B746800483F2F /* Main.storyboard in Resources */,
				D178A904221F3ABC002193FC /* Power.json in Resources */,
			);
			runOnlyForDeploymentPostprocessing = 0;
		};
/* End PBXResourcesBuildPhase section */

/* Begin PBXShellScriptBuildPhase section */
		53EA8C26585307D846FCCFD2 /* [CP] Embed Pods Frameworks */ = {
			isa = PBXShellScriptBuildPhase;
			buildActionMask = 2147483647;
			files = (
			);
			inputFileListPaths = (
			);
			inputPaths = (
				"${PODS_ROOT}/Target Support Files/Pods-Narrative/Pods-Narrative-frameworks.sh",
				"${BUILT_PRODUCTS_DIR}/lottie-ios/Lottie.framework",
			);
			name = "[CP] Embed Pods Frameworks";
			outputFileListPaths = (
			);
			outputPaths = (
				"${TARGET_BUILD_DIR}/${FRAMEWORKS_FOLDER_PATH}/Lottie.framework",
			);
			runOnlyForDeploymentPostprocessing = 0;
			shellPath = /bin/sh;
			shellScript = "\"${PODS_ROOT}/Target Support Files/Pods-Narrative/Pods-Narrative-frameworks.sh\"\n";
			showEnvVarsInLog = 0;
		};
		ADF167FF26D20F8BD8DF4520 /* [CP] Check Pods Manifest.lock */ = {
			isa = PBXShellScriptBuildPhase;
			buildActionMask = 2147483647;
			files = (
			);
			inputFileListPaths = (
			);
			inputPaths = (
				"${PODS_PODFILE_DIR_PATH}/Podfile.lock",
				"${PODS_ROOT}/Manifest.lock",
			);
			name = "[CP] Check Pods Manifest.lock";
			outputFileListPaths = (
			);
			outputPaths = (
				"$(DERIVED_FILE_DIR)/Pods-Narrative-checkManifestLockResult.txt",
			);
			runOnlyForDeploymentPostprocessing = 0;
			shellPath = /bin/sh;
			shellScript = "diff \"${PODS_PODFILE_DIR_PATH}/Podfile.lock\" \"${PODS_ROOT}/Manifest.lock\" > /dev/null\nif [ $? != 0 ] ; then\n    # print error to STDERR\n    echo \"error: The sandbox is not in sync with the Podfile.lock. Run 'pod install' or update your CocoaPods installation.\" >&2\n    exit 1\nfi\n# This output is used by Xcode 'outputs' to avoid re-running this script phase.\necho \"SUCCESS\" > \"${SCRIPT_OUTPUT_FILE_0}\"\n";
			showEnvVarsInLog = 0;
		};
/* End PBXShellScriptBuildPhase section */

/* Begin PBXSourcesBuildPhase section */
		D1BA589F221B746800483F2F /* Sources */ = {
			isa = PBXSourcesBuildPhase;
			buildActionMask = 2147483647;
			files = (
				D178A8F3221F030A002193FC /* FrontCover.swift in Sources */,
				D18F4789221DC53600A58BA5 /* MainMenu.swift in Sources */,
				D1BA58A7221B746800483F2F /* AppDelegate.swift in Sources */,
				D1C9AB60221E05BF001EC435 /* Book.swift in Sources */,
			);
			runOnlyForDeploymentPostprocessing = 0;
		};
/* End PBXSourcesBuildPhase section */

/* Begin PBXVariantGroup section */
		D1BA58AA221B746800483F2F /* Main.storyboard */ = {
			isa = PBXVariantGroup;
			children = (
				D1BA58AB221B746800483F2F /* Base */,
			);
			name = Main.storyboard;
			sourceTree = "<group>";
		};
		D1BA58AF221B74B100483F2F /* LaunchScreen.storyboard */ = {
			isa = PBXVariantGroup;
			children = (
				D1BA58B0221B74B100483F2F /* Base */,
			);
			name = LaunchScreen.storyboard;
			sourceTree = "<group>";
		};
/* End PBXVariantGroup section */

/* Begin XCBuildConfiguration section */
		D1BA58B3221B74B100483F2F /* Debug */ = {
			isa = XCBuildConfiguration;
			buildSettings = {
				ALWAYS_SEARCH_USER_PATHS = NO;
				CLANG_ANALYZER_NONNULL = YES;
				CLANG_ANALYZER_NUMBER_OBJECT_CONVERSION = YES_AGGRESSIVE;
				CLANG_CXX_LANGUAGE_STANDARD = "gnu++14";
				CLANG_CXX_LIBRARY = "libc++";
				CLANG_ENABLE_MODULES = YES;
				CLANG_ENABLE_OBJC_ARC = YES;
				CLANG_ENABLE_OBJC_WEAK = YES;
				CLANG_WARN_BLOCK_CAPTURE_AUTORELEASING = YES;
				CLANG_WARN_BOOL_CONVERSION = YES;
				CLANG_WARN_COMMA = YES;
				CLANG_WARN_CONSTANT_CONVERSION = YES;
				CLANG_WARN_DEPRECATED_OBJC_IMPLEMENTATIONS = YES;
				CLANG_WARN_DIRECT_OBJC_ISA_USAGE = YES_ERROR;
				CLANG_WARN_DOCUMENTATION_COMMENTS = YES;
				CLANG_WARN_EMPTY_BODY = YES;
				CLANG_WARN_ENUM_CONVERSION = YES;
				CLANG_WARN_INFINITE_RECURSION = YES;
				CLANG_WARN_INT_CONVERSION = YES;
				CLANG_WARN_NON_LITERAL_NULL_CONVERSION = YES;
				CLANG_WARN_OBJC_IMPLICIT_RETAIN_SELF = YES;
				CLANG_WARN_OBJC_LITERAL_CONVERSION = YES;
				CLANG_WARN_OBJC_ROOT_CLASS = YES_ERROR;
				CLANG_WARN_RANGE_LOOP_ANALYSIS = YES;
				CLANG_WARN_STRICT_PROTOTYPES = YES;
				CLANG_WARN_SUSPICIOUS_MOVE = YES;
				CLANG_WARN_UNGUARDED_AVAILABILITY = YES_AGGRESSIVE;
				CLANG_WARN_UNREACHABLE_CODE = YES;
				CLANG_WARN__DUPLICATE_METHOD_MATCH = YES;
				CODE_SIGN_IDENTITY = "iPhone Developer";
				COPY_PHASE_STRIP = NO;
				DEBUG_INFORMATION_FORMAT = dwarf;
				ENABLE_STRICT_OBJC_MSGSEND = YES;
				ENABLE_TESTABILITY = YES;
				GCC_C_LANGUAGE_STANDARD = gnu11;
				GCC_DYNAMIC_NO_PIC = NO;
				GCC_NO_COMMON_BLOCKS = YES;
				GCC_OPTIMIZATION_LEVEL = 0;
				GCC_PREPROCESSOR_DEFINITIONS = (
					"DEBUG=1",
					"$(inherited)",
				);
				GCC_WARN_64_TO_32_BIT_CONVERSION = YES;
				GCC_WARN_ABOUT_RETURN_TYPE = YES_ERROR;
				GCC_WARN_UNDECLARED_SELECTOR = YES;
				GCC_WARN_UNINITIALIZED_AUTOS = YES_AGGRESSIVE;
				GCC_WARN_UNUSED_FUNCTION = YES;
				GCC_WARN_UNUSED_VARIABLE = YES;
				IPHONEOS_DEPLOYMENT_TARGET = 12.1;
				MTL_ENABLE_DEBUG_INFO = INCLUDE_SOURCE;
				MTL_FAST_MATH = YES;
				ONLY_ACTIVE_ARCH = YES;
				SDKROOT = iphoneos;
				SWIFT_ACTIVE_COMPILATION_CONDITIONS = DEBUG;
				SWIFT_OPTIMIZATION_LEVEL = "-Onone";
			};
			name = Debug;
		};
		D1BA58B4221B74B100483F2F /* Release */ = {
			isa = XCBuildConfiguration;
			buildSettings = {
				ALWAYS_SEARCH_USER_PATHS = NO;
				CLANG_ANALYZER_NONNULL = YES;
				CLANG_ANALYZER_NUMBER_OBJECT_CONVERSION = YES_AGGRESSIVE;
				CLANG_CXX_LANGUAGE_STANDARD = "gnu++14";
				CLANG_CXX_LIBRARY = "libc++";
				CLANG_ENABLE_MODULES = YES;
				CLANG_ENABLE_OBJC_ARC = YES;
				CLANG_ENABLE_OBJC_WEAK = YES;
				CLANG_WARN_BLOCK_CAPTURE_AUTORELEASING = YES;
				CLANG_WARN_BOOL_CONVERSION = YES;
				CLANG_WARN_COMMA = YES;
				CLANG_WARN_CONSTANT_CONVERSION = YES;
				CLANG_WARN_DEPRECATED_OBJC_IMPLEMENTATIONS = YES;
				CLANG_WARN_DIRECT_OBJC_ISA_USAGE = YES_ERROR;
				CLANG_WARN_DOCUMENTATION_COMMENTS = YES;
				CLANG_WARN_EMPTY_BODY = YES;
				CLANG_WARN_ENUM_CONVERSION = YES;
				CLANG_WARN_INFINITE_RECURSION = YES;
				CLANG_WARN_INT_CONVERSION = YES;
				CLANG_WARN_NON_LITERAL_NULL_CONVERSION = YES;
				CLANG_WARN_OBJC_IMPLICIT_RETAIN_SELF = YES;
				CLANG_WARN_OBJC_LITERAL_CONVERSION = YES;
				CLANG_WARN_OBJC_ROOT_CLASS = YES_ERROR;
				CLANG_WARN_RANGE_LOOP_ANALYSIS = YES;
				CLANG_WARN_STRICT_PROTOTYPES = YES;
				CLANG_WARN_SUSPICIOUS_MOVE = YES;
				CLANG_WARN_UNGUARDED_AVAILABILITY = YES_AGGRESSIVE;
				CLANG_WARN_UNREACHABLE_CODE = YES;
				CLANG_WARN__DUPLICATE_METHOD_MATCH = YES;
				CODE_SIGN_IDENTITY = "iPhone Developer";
				COPY_PHASE_STRIP = NO;
				DEBUG_INFORMATION_FORMAT = "dwarf-with-dsym";
				ENABLE_NS_ASSERTIONS = NO;
				ENABLE_STRICT_OBJC_MSGSEND = YES;
				GCC_C_LANGUAGE_STANDARD = gnu11;
				GCC_NO_COMMON_BLOCKS = YES;
				GCC_WARN_64_TO_32_BIT_CONVERSION = YES;
				GCC_WARN_ABOUT_RETURN_TYPE = YES_ERROR;
				GCC_WARN_UNDECLARED_SELECTOR = YES;
				GCC_WARN_UNINITIALIZED_AUTOS = YES_AGGRESSIVE;
				GCC_WARN_UNUSED_FUNCTION = YES;
				GCC_WARN_UNUSED_VARIABLE = YES;
				IPHONEOS_DEPLOYMENT_TARGET = 12.1;
				MTL_ENABLE_DEBUG_INFO = NO;
				MTL_FAST_MATH = YES;
				SDKROOT = iphoneos;
				SWIFT_COMPILATION_MODE = wholemodule;
				SWIFT_OPTIMIZATION_LEVEL = "-O";
				VALIDATE_PRODUCT = YES;
			};
			name = Release;
		};
		D1BA58B6221B74B100483F2F /* Debug */ = {
			isa = XCBuildConfiguration;
			baseConfigurationReference = 1AF7EEB127FD7668B1E6A8F8 /* Pods-Narrative.debug.xcconfig */;
			buildSettings = {
				ASSETCATALOG_COMPILER_APPICON_NAME = AppIcon;
				CODE_SIGN_STYLE = Automatic;
				DEVELOPMENT_TEAM = 2R6YFL7373;
				INFOPLIST_FILE = Narrative/Info.plist;
				LD_RUNPATH_SEARCH_PATHS = (
					"$(inherited)",
					"@executable_path/Frameworks",
				);
				PRODUCT_BUNDLE_IDENTIFIER = com.donutproductions.Narrative;
				PRODUCT_NAME = "$(TARGET_NAME)";
				SWIFT_VERSION = 4.2;
				TARGETED_DEVICE_FAMILY = "1,2";
			};
			name = Debug;
		};
		D1BA58B7221B74B100483F2F /* Release */ = {
			isa = XCBuildConfiguration;
			baseConfigurationReference = 37E8EC97C4D3BB5C2CC5F1D3 /* Pods-Narrative.release.xcconfig */;
			buildSettings = {
				ASSETCATALOG_COMPILER_APPICON_NAME = AppIcon;
				CODE_SIGN_STYLE = Automatic;
				DEVELOPMENT_TEAM = 2R6YFL7373;
				INFOPLIST_FILE = Narrative/Info.plist;
				LD_RUNPATH_SEARCH_PATHS = (
					"$(inherited)",
					"@executable_path/Frameworks",
				);
				PRODUCT_BUNDLE_IDENTIFIER = com.donutproductions.Narrative;
				PRODUCT_NAME = "$(TARGET_NAME)";
				SWIFT_VERSION = 4.2;
				TARGETED_DEVICE_FAMILY = "1,2";
			};
			name = Release;
		};
/* End XCBuildConfiguration section */

/* Begin XCConfigurationList section */
		D1BA589E221B746700483F2F /* Build configuration list for PBXProject "Narrative" */ = {
			isa = XCConfigurationList;
			buildConfigurations = (
				D1BA58B3221B74B100483F2F /* Debug */,
				D1BA58B4221B74B100483F2F /* Release */,
			);
			defaultConfigurationIsVisible = 0;
			defaultConfigurationName = Release;
		};
		D1BA58B5221B74B100483F2F /* Build configuration list for PBXNativeTarget "Narrative" */ = {
			isa = XCConfigurationList;
			buildConfigurations = (
				D1BA58B6221B74B100483F2F /* Debug */,
				D1BA58B7221B74B100483F2F /* Release */,
			);
			defaultConfigurationIsVisible = 0;
			defaultConfigurationName = Release;
		};
/* End XCConfigurationList section */
	};
	rootObject = D1BA589B221B746700483F2F /* Project object */;
}
